// !$*UTF8*$!
{
	archiveVersion = 1;
	classes = {
	};
	objectVersion = 55;
	objects = {

/* Begin PBXBuildFile section */
		68EC55F72756708800D493A5 /* Project04___VideoEffectApp.swift in Sources */ = {isa = PBXBuildFile; fileRef = 68EC55F62756708800D493A5 /* Project04___VideoEffectApp.swift */; };
		68EC55F92756708800D493A5 /* MainView.swift in Sources */ = {isa = PBXBuildFile; fileRef = 68EC55F82756708800D493A5 /* MainView.swift */; };
		68EC55FB2756708900D493A5 /* Assets.xcassets in Resources */ = {isa = PBXBuildFile; fileRef = 68EC55FA2756708900D493A5 /* Assets.xcassets */; };
		68EC55FE2756708900D493A5 /* Preview Assets.xcassets in Resources */ = {isa = PBXBuildFile; fileRef = 68EC55FD2756708900D493A5 /* Preview Assets.xcassets */; };
		68EC56062756710100D493A5 /* SimpleVideoPlayer.swift in Sources */ = {isa = PBXBuildFile; fileRef = 68EC56052756710100D493A5 /* SimpleVideoPlayer.swift */; };
		68EC56092756716A00D493A5 /* CoreImageVideoPlayer.swift in Sources */ = {isa = PBXBuildFile; fileRef = 68EC56082756716A00D493A5 /* CoreImageVideoPlayer.swift */; };
		68EC560B275671D700D493A5 /* PhotoPicker.swift in Sources */ = {isa = PBXBuildFile; fileRef = 68EC560A275671D700D493A5 /* PhotoPicker.swift */; };
		68EC560D2756721A00D493A5 /* ActivityView.swift in Sources */ = {isa = PBXBuildFile; fileRef = 68EC560C2756721A00D493A5 /* ActivityView.swift */; };
		68EC56832757914C00D493A5 /* CoreImageVideoProcessor.swift in Sources */ = {isa = PBXBuildFile; fileRef = 68EC56822757914C00D493A5 /* CoreImageVideoProcessor.swift */; };
		68EC56852757918A00D493A5 /* CoreImageVideoFilter.swift in Sources */ = {isa = PBXBuildFile; fileRef = 68EC56842757918A00D493A5 /* CoreImageVideoFilter.swift */; };
		68EC5688275791D500D493A5 /* Extension.swift in Sources */ = {isa = PBXBuildFile; fileRef = 68EC5687275791D500D493A5 /* Extension.swift */; };
/* End PBXBuildFile section */

/* Begin PBXFileReference section */
		68EC55F32756708800D493A5 /* Project04 - VideoEffect.app */ = {isa = PBXFileReference; explicitFileType = wrapper.application; includeInIndex = 0; path = "Project04 - VideoEffect.app"; sourceTree = BUILT_PRODUCTS_DIR; };
		68EC55F62756708800D493A5 /* Project04___VideoEffectApp.swift */ = {isa = PBXFileReference; lastKnownFileType = sourcecode.swift; path = "Project04___VideoEffectApp.swift"; sourceTree = "<group>"; };
		68EC55F82756708800D493A5 /* MainView.swift */ = {isa = PBXFileReference; lastKnownFileType = sourcecode.swift; path = MainView.swift; sourceTree = "<group>"; };
		68EC55FA2756708900D493A5 /* Assets.xcassets */ = {isa = PBXFileReference; lastKnownFileType = folder.assetcatalog; path = Assets.xcassets; sourceTree = "<group>"; };
		68EC55FD2756708900D493A5 /* Preview Assets.xcassets */ = {isa = PBXFileReference; lastKnownFileType = folder.assetcatalog; path = "Preview Assets.xcassets"; sourceTree = "<group>"; };
		68EC56052756710100D493A5 /* SimpleVideoPlayer.swift */ = {isa = PBXFileReference; lastKnownFileType = sourcecode.swift; path = SimpleVideoPlayer.swift; sourceTree = "<group>"; };
		68EC56082756716A00D493A5 /* CoreImageVideoPlayer.swift */ = {isa = PBXFileReference; lastKnownFileType = sourcecode.swift; path = CoreImageVideoPlayer.swift; sourceTree = "<group>"; };
		68EC560A275671D700D493A5 /* PhotoPicker.swift */ = {isa = PBXFileReference; lastKnownFileType = sourcecode.swift; path = PhotoPicker.swift; sourceTree = "<group>"; };
		68EC560C2756721A00D493A5 /* ActivityView.swift */ = {isa = PBXFileReference; lastKnownFileType = sourcecode.swift; path = ActivityView.swift; sourceTree = "<group>"; };
		68EC56822757914C00D493A5 /* CoreImageVideoProcessor.swift */ = {isa = PBXFileReference; lastKnownFileType = sourcecode.swift; path = CoreImageVideoProcessor.swift; sourceTree = "<group>"; };
		68EC56842757918A00D493A5 /* CoreImageVideoFilter.swift */ = {isa = PBXFileReference; lastKnownFileType = sourcecode.swift; path = CoreImageVideoFilter.swift; sourceTree = "<group>"; };
		68EC5687275791D500D493A5 /* Extension.swift */ = {isa = PBXFileReference; lastKnownFileType = sourcecode.swift; path = Extension.swift; sourceTree = "<group>"; };
/* End PBXFileReference section */

/* Begin PBXFrameworksBuildPhase section */
		68EC55F02756708800D493A5 /* Frameworks */ = {
			isa = PBXFrameworksBuildPhase;
			buildActionMask = 2147483647;
			files = (
			);
			runOnlyForDeploymentPostprocessing = 0;
		};
/* End PBXFrameworksBuildPhase section */

/* Begin PBXGroup section */
		68EC55EA2756708800D493A5 = {
			isa = PBXGroup;
			children = (
				68EC55F52756708800D493A5 /* Project04 - VideoEffect */,
				68EC55F42756708800D493A5 /* Products */,
			);
			sourceTree = "<group>";
		};
		68EC55F42756708800D493A5 /* Products */ = {
			isa = PBXGroup;
			children = (
				68EC55F32756708800D493A5 /* Project04 - VideoEffect.app */,
			);
			name = Products;
			sourceTree = "<group>";
		};
		68EC55F52756708800D493A5 /* Project04 - VideoEffect */ = {
			isa = PBXGroup;
			children = (
				68EC55F82756708800D493A5 /* MainView.swift */,
				68EC560A275671D700D493A5 /* PhotoPicker.swift */,
				68EC560C2756721A00D493A5 /* ActivityView.swift */,
				68EC55F62756708800D493A5 /* Project04___VideoEffectApp.swift */,
				68EC56072756715C00D493A5 /* CoreImageVideoPlayer */,
				68EC5604275670CE00D493A5 /* SimpleVideoPlayer */,
				68EC5686275791AC00D493A5 /* MetalVideoPlayer */,
				68EC55FC2756708900D493A5 /* Preview Content */,
				68EC55FA2756708900D493A5 /* Assets.xcassets */,
				68EC5687275791D500D493A5 /* Extension.swift */,
			);
			path = "Project04 - VideoEffect";
			sourceTree = "<group>";
		};
		68EC55FC2756708900D493A5 /* Preview Content */ = {
			isa = PBXGroup;
			children = (
				68EC55FD2756708900D493A5 /* Preview Assets.xcassets */,
			);
			path = "Preview Content";
			sourceTree = "<group>";
		};
		68EC5604275670CE00D493A5 /* SimpleVideoPlayer */ = {
			isa = PBXGroup;
			children = (
				68EC56052756710100D493A5 /* SimpleVideoPlayer.swift */,
			);
			path = SimpleVideoPlayer;
			sourceTree = "<group>";
		};
		68EC56072756715C00D493A5 /* CoreImageVideoPlayer */ = {
			isa = PBXGroup;
			children = (
				68EC56082756716A00D493A5 /* CoreImageVideoPlayer.swift */,
				68EC56822757914C00D493A5 /* CoreImageVideoProcessor.swift */,
				68EC56842757918A00D493A5 /* CoreImageVideoFilter.swift */,
			);
			path = CoreImageVideoPlayer;
			sourceTree = "<group>";
		};
		68EC5686275791AC00D493A5 /* MetalVideoPlayer */ = {
			isa = PBXGroup;
			children = (
			);
			path = MetalVideoPlayer;
			sourceTree = "<group>";
		};
/* End PBXGroup section */

/* Begin PBXNativeTarget section */
		68EC55F22756708800D493A5 /* Project04 - VideoEffect */ = {
			isa = PBXNativeTarget;
			buildConfigurationList = 68EC56012756708900D493A5 /* Build configuration list for PBXNativeTarget "Project04 - VideoEffect" */;
			buildPhases = (
				68EC55EF2756708800D493A5 /* Sources */,
				68EC55F02756708800D493A5 /* Frameworks */,
				68EC55F12756708800D493A5 /* Resources */,
			);
			buildRules = (
			);
			dependencies = (
			);
			name = "Project04 - VideoEffect";
			productName = "Project04 - VideoEffect";
			productReference = 68EC55F32756708800D493A5 /* Project04 - VideoEffect.app */;
			productType = "com.apple.product-type.application";
		};
/* End PBXNativeTarget section */

/* Begin PBXProject section */
		68EC55EB2756708800D493A5 /* Project object */ = {
			isa = PBXProject;
			attributes = {
				BuildIndependentTargetsInParallel = 1;
				LastSwiftUpdateCheck = 1300;
				LastUpgradeCheck = 1300;
				TargetAttributes = {
					68EC55F22756708800D493A5 = {
						CreatedOnToolsVersion = 13.0;
					};
				};
			};
			buildConfigurationList = 68EC55EE2756708800D493A5 /* Build configuration list for PBXProject "Project04 - VideoEffect" */;
			compatibilityVersion = "Xcode 13.0";
			developmentRegion = en;
			hasScannedForEncodings = 0;
			knownRegions = (
				en,
				Base,
			);
			mainGroup = 68EC55EA2756708800D493A5;
			productRefGroup = 68EC55F42756708800D493A5 /* Products */;
			projectDirPath = "";
			projectRoot = "";
			targets = (
				68EC55F22756708800D493A5 /* Project04 - VideoEffect */,
			);
		};
/* End PBXProject section */

/* Begin PBXResourcesBuildPhase section */
		68EC55F12756708800D493A5 /* Resources */ = {
			isa = PBXResourcesBuildPhase;
			buildActionMask = 2147483647;
			files = (
				68EC55FE2756708900D493A5 /* Preview Assets.xcassets in Resources */,
				68EC55FB2756708900D493A5 /* Assets.xcassets in Resources */,
			);
			runOnlyForDeploymentPostprocessing = 0;
		};
/* End PBXResourcesBuildPhase section */

/* Begin PBXSourcesBuildPhase section */
		68EC55EF2756708800D493A5 /* Sources */ = {
			isa = PBXSourcesBuildPhase;
			buildActionMask = 2147483647;
			files = (
				68EC5688275791D500D493A5 /* Extension.swift in Sources */,
				68EC560D2756721A00D493A5 /* ActivityView.swift in Sources */,
				68EC55F92756708800D493A5 /* MainView.swift in Sources */,
				68EC56092756716A00D493A5 /* CoreImageVideoPlayer.swift in Sources */,
				68EC55F72756708800D493A5 /* Project04___VideoEffectApp.swift in Sources */,
				68EC560B275671D700D493A5 /* PhotoPicker.swift in Sources */,
				68EC56832757914C00D493A5 /* CoreImageVideoProcessor.swift in Sources */,
				68EC56852757918A00D493A5 /* CoreImageVideoFilter.swift in Sources */,
				68EC56062756710100D493A5 /* SimpleVideoPlayer.swift in Sources */,
			);
			runOnlyForDeploymentPostprocessing = 0;
		};
/* End PBXSourcesBuildPhase section */

/* Begin XCBuildConfiguration section */
		68EC55FF2756708900D493A5 /* Debug */ = {
			isa = XCBuildConfiguration;
			buildSettings = {
				ALWAYS_SEARCH_USER_PATHS = NO;
				CLANG_ANALYZER_NONNULL = YES;
				CLANG_ANALYZER_NUMBER_OBJECT_CONVERSION = YES_AGGRESSIVE;
				CLANG_CXX_LANGUAGE_STANDARD = "gnu++17";
				CLANG_CXX_LIBRARY = "libc++";
				CLANG_ENABLE_MODULES = YES;
				CLANG_ENABLE_OBJC_ARC = YES;
				CLANG_ENABLE_OBJC_WEAK = YES;
				CLANG_WARN_BLOCK_CAPTURE_AUTORELEASING = YES;
				CLANG_WARN_BOOL_CONVERSION = YES;
				CLANG_WARN_COMMA = YES;
				CLANG_WARN_CONSTANT_CONVERSION = YES;
				CLANG_WARN_DEPRECATED_OBJC_IMPLEMENTATIONS = YES;
				CLANG_WARN_DIRECT_OBJC_ISA_USAGE = YES_ERROR;
				CLANG_WARN_DOCUMENTATION_COMMENTS = YES;
				CLANG_WARN_EMPTY_BODY = YES;
				CLANG_WARN_ENUM_CONVERSION = YES;
				CLANG_WARN_INFINITE_RECURSION = YES;
				CLANG_WARN_INT_CONVERSION = YES;
				CLANG_WARN_NON_LITERAL_NULL_CONVERSION = YES;
				CLANG_WARN_OBJC_IMPLICIT_RETAIN_SELF = YES;
				CLANG_WARN_OBJC_LITERAL_CONVERSION = YES;
				CLANG_WARN_OBJC_ROOT_CLASS = YES_ERROR;
				CLANG_WARN_QUOTED_INCLUDE_IN_FRAMEWORK_HEADER = YES;
				CLANG_WARN_RANGE_LOOP_ANALYSIS = YES;
				CLANG_WARN_STRICT_PROTOTYPES = YES;
				CLANG_WARN_SUSPICIOUS_MOVE = YES;
				CLANG_WARN_UNGUARDED_AVAILABILITY = YES_AGGRESSIVE;
				CLANG_WARN_UNREACHABLE_CODE = YES;
				CLANG_WARN__DUPLICATE_METHOD_MATCH = YES;
				COPY_PHASE_STRIP = NO;
				DEBUG_INFORMATION_FORMAT = dwarf;
				ENABLE_STRICT_OBJC_MSGSEND = YES;
				ENABLE_TESTABILITY = YES;
				GCC_C_LANGUAGE_STANDARD = gnu11;
				GCC_DYNAMIC_NO_PIC = NO;
				GCC_NO_COMMON_BLOCKS = YES;
				GCC_OPTIMIZATION_LEVEL = 0;
				GCC_PREPROCESSOR_DEFINITIONS = (
					"DEBUG=1",
					"$(inherited)",
				);
				GCC_WARN_64_TO_32_BIT_CONVERSION = YES;
				GCC_WARN_ABOUT_RETURN_TYPE = YES_ERROR;
				GCC_WARN_UNDECLARED_SELECTOR = YES;
				GCC_WARN_UNINITIALIZED_AUTOS = YES_AGGRESSIVE;
				GCC_WARN_UNUSED_FUNCTION = YES;
				GCC_WARN_UNUSED_VARIABLE = YES;
				IPHONEOS_DEPLOYMENT_TARGET = 15.0;
				MTL_ENABLE_DEBUG_INFO = INCLUDE_SOURCE;
				MTL_FAST_MATH = YES;
				ONLY_ACTIVE_ARCH = YES;
				SDKROOT = iphoneos;
				SWIFT_ACTIVE_COMPILATION_CONDITIONS = DEBUG;
				SWIFT_OPTIMIZATION_LEVEL = "-Onone";
			};
			name = Debug;
		};
		68EC56002756708900D493A5 /* Release */ = {
			isa = XCBuildConfiguration;
			buildSettings = {
				ALWAYS_SEARCH_USER_PATHS = NO;
				CLANG_ANALYZER_NONNULL = YES;
				CLANG_ANALYZER_NUMBER_OBJECT_CONVERSION = YES_AGGRESSIVE;
				CLANG_CXX_LANGUAGE_STANDARD = "gnu++17";
				CLANG_CXX_LIBRARY = "libc++";
				CLANG_ENABLE_MODULES = YES;
				CLANG_ENABLE_OBJC_ARC = YES;
				CLANG_ENABLE_OBJC_WEAK = YES;
				CLANG_WARN_BLOCK_CAPTURE_AUTORELEASING = YES;
				CLANG_WARN_BOOL_CONVERSION = YES;
				CLANG_WARN_COMMA = YES;
				CLANG_WARN_CONSTANT_CONVERSION = YES;
				CLANG_WARN_DEPRECATED_OBJC_IMPLEMENTATIONS = YES;
				CLANG_WARN_DIRECT_OBJC_ISA_USAGE = YES_ERROR;
				CLANG_WARN_DOCUMENTATION_COMMENTS = YES;
				CLANG_WARN_EMPTY_BODY = YES;
				CLANG_WARN_ENUM_CONVERSION = YES;
				CLANG_WARN_INFINITE_RECURSION = YES;
				CLANG_WARN_INT_CONVERSION = YES;
				CLANG_WARN_NON_LITERAL_NULL_CONVERSION = YES;
				CLANG_WARN_OBJC_IMPLICIT_RETAIN_SELF = YES;
				CLANG_WARN_OBJC_LITERAL_CONVERSION = YES;
				CLANG_WARN_OBJC_ROOT_CLASS = YES_ERROR;
				CLANG_WARN_QUOTED_INCLUDE_IN_FRAMEWORK_HEADER = YES;
				CLANG_WARN_RANGE_LOOP_ANALYSIS = YES;
				CLANG_WARN_STRICT_PROTOTYPES = YES;
				CLANG_WARN_SUSPICIOUS_MOVE = YES;
				CLANG_WARN_UNGUARDED_AVAILABILITY = YES_AGGRESSIVE;
				CLANG_WARN_UNREACHABLE_CODE = YES;
				CLANG_WARN__DUPLICATE_METHOD_MATCH = YES;
				COPY_PHASE_STRIP = NO;
				DEBUG_INFORMATION_FORMAT = "dwarf-with-dsym";
				ENABLE_NS_ASSERTIONS = NO;
				ENABLE_STRICT_OBJC_MSGSEND = YES;
				GCC_C_LANGUAGE_STANDARD = gnu11;
				GCC_NO_COMMON_BLOCKS = YES;
				GCC_WARN_64_TO_32_BIT_CONVERSION = YES;
				GCC_WARN_ABOUT_RETURN_TYPE = YES_ERROR;
				GCC_WARN_UNDECLARED_SELECTOR = YES;
				GCC_WARN_UNINITIALIZED_AUTOS = YES_AGGRESSIVE;
				GCC_WARN_UNUSED_FUNCTION = YES;
				GCC_WARN_UNUSED_VARIABLE = YES;
				IPHONEOS_DEPLOYMENT_TARGET = 15.0;
				MTL_ENABLE_DEBUG_INFO = NO;
				MTL_FAST_MATH = YES;
				SDKROOT = iphoneos;
				SWIFT_COMPILATION_MODE = wholemodule;
				SWIFT_OPTIMIZATION_LEVEL = "-O";
				VALIDATE_PRODUCT = YES;
			};
			name = Release;
		};
		68EC56022756708900D493A5 /* Debug */ = {
			isa = XCBuildConfiguration;
			buildSettings = {
				ASSETCATALOG_COMPILER_APPICON_NAME = AppIcon;
				ASSETCATALOG_COMPILER_GLOBAL_ACCENT_COLOR_NAME = AccentColor;
				CODE_SIGN_STYLE = Automatic;
				CURRENT_PROJECT_VERSION = 1;
				DEVELOPMENT_ASSET_PATHS = "\"Project04 - VideoEffect/Preview Content\"";
				DEVELOPMENT_TEAM = W832C4SNYD;
				ENABLE_PREVIEWS = YES;
				GENERATE_INFOPLIST_FILE = YES;
				INFOPLIST_KEY_UIApplicationSceneManifest_Generation = YES;
				INFOPLIST_KEY_UIApplicationSupportsIndirectInputEvents = YES;
				INFOPLIST_KEY_UILaunchScreen_Generation = YES;
				INFOPLIST_KEY_UISupportedInterfaceOrientations_iPad = "UIInterfaceOrientationPortrait UIInterfaceOrientationPortraitUpsideDown UIInterfaceOrientationLandscapeLeft UIInterfaceOrientationLandscapeRight";
				INFOPLIST_KEY_UISupportedInterfaceOrientations_iPhone = "UIInterfaceOrientationPortrait UIInterfaceOrientationLandscapeLeft UIInterfaceOrientationLandscapeRight";
				IPHONEOS_DEPLOYMENT_TARGET = 14.0;
				LD_RUNPATH_SEARCH_PATHS = (
					"$(inherited)",
					"@executable_path/Frameworks",
				);
				MARKETING_VERSION = 1.0;
				PRODUCT_BUNDLE_IDENTIFIER = "leeyeon2.Project04---VideoEffect";
				PRODUCT_NAME = "$(TARGET_NAME)";
				SWIFT_EMIT_LOC_STRINGS = YES;
				SWIFT_VERSION = 5.0;
				TARGETED_DEVICE_FAMILY = "1,2";
			};
			name = Debug;
		};
		68EC56032756708900D493A5 /* Release */ = {
			isa = XCBuildConfiguration;
			buildSettings = {
				ASSETCATALOG_COMPILER_APPICON_NAME = AppIcon;
				ASSETCATALOG_COMPILER_GLOBAL_ACCENT_COLOR_NAME = AccentColor;
				CODE_SIGN_STYLE = Automatic;
				CURRENT_PROJECT_VERSION = 1;
				DEVELOPMENT_ASSET_PATHS = "\"Project04 - VideoEffect/Preview Content\"";
				DEVELOPMENT_TEAM = W832C4SNYD;
				ENABLE_PREVIEWS = YES;
				GENERATE_INFOPLIST_FILE = YES;
				INFOPLIST_KEY_UIApplicationSceneManifest_Generation = YES;
				INFOPLIST_KEY_UIApplicationSupportsIndirectInputEvents = YES;
				INFOPLIST_KEY_UILaunchScreen_Generation = YES;
				INFOPLIST_KEY_UISupportedInterfaceOrientations_iPad = "UIInterfaceOrientationPortrait UIInterfaceOrientationPortraitUpsideDown UIInterfaceOrientationLandscapeLeft UIInterfaceOrientationLandscapeRight";
				INFOPLIST_KEY_UISupportedInterfaceOrientations_iPhone = "UIInterfaceOrientationPortrait UIInterfaceOrientationLandscapeLeft UIInterfaceOrientationLandscapeRight";
				IPHONEOS_DEPLOYMENT_TARGET = 14.0;
				LD_RUNPATH_SEARCH_PATHS = (
					"$(inherited)",
					"@executable_path/Frameworks",
				);
				MARKETING_VERSION = 1.0;
				PRODUCT_BUNDLE_IDENTIFIER = "leeyeon2.Project04---VideoEffect";
				PRODUCT_NAME = "$(TARGET_NAME)";
				SWIFT_EMIT_LOC_STRINGS = YES;
				SWIFT_VERSION = 5.0;
				TARGETED_DEVICE_FAMILY = "1,2";
			};
			name = Release;
		};
/* End XCBuildConfiguration section */

/* Begin XCConfigurationList section */
		68EC55EE2756708800D493A5 /* Build configuration list for PBXProject "Project04 - VideoEffect" */ = {
			isa = XCConfigurationList;
			buildConfigurations = (
				68EC55FF2756708900D493A5 /* Debug */,
				68EC56002756708900D493A5 /* Release */,
			);
			defaultConfigurationIsVisible = 0;
			defaultConfigurationName = Release;
		};
		68EC56012756708900D493A5 /* Build configuration list for PBXNativeTarget "Project04 - VideoEffect" */ = {
			isa = XCConfigurationList;
			buildConfigurations = (
				68EC56022756708900D493A5 /* Debug */,
				68EC56032756708900D493A5 /* Release */,
			);
			defaultConfigurationIsVisible = 0;
			defaultConfigurationName = Release;
		};
/* End XCConfigurationList section */
	};
	rootObject = 68EC55EB2756708800D493A5 /* Project object */;
}
