// !$*UTF8*$!
{
	archiveVersion = 1;
	classes = {
	};
	objectVersion = 56;
	objects = {

/* Begin PBXBuildFile section */
		6827103A2A6D05C9004E85CD /* LandmarksApp.swift in Sources */ = {isa = PBXBuildFile; fileRef = 682710392A6D05C9004E85CD /* LandmarksApp.swift */; };
		6827103C2A6D05C9004E85CD /* ContentView.swift in Sources */ = {isa = PBXBuildFile; fileRef = 6827103B2A6D05C9004E85CD /* ContentView.swift */; };
		6827103E2A6D05CC004E85CD /* Assets.xcassets in Resources */ = {isa = PBXBuildFile; fileRef = 6827103D2A6D05CC004E85CD /* Assets.xcassets */; };
		682710412A6D05CC004E85CD /* Preview Assets.xcassets in Resources */ = {isa = PBXBuildFile; fileRef = 682710402A6D05CC004E85CD /* Preview Assets.xcassets */; };
		6827104B2A6D05CC004E85CD /* LandmarksTests.swift in Sources */ = {isa = PBXBuildFile; fileRef = 6827104A2A6D05CC004E85CD /* LandmarksTests.swift */; };
		682710552A6D05CC004E85CD /* LandmarksUITests.swift in Sources */ = {isa = PBXBuildFile; fileRef = 682710542A6D05CC004E85CD /* LandmarksUITests.swift */; };
		682710572A6D05CC004E85CD /* LandmarksUITestsLaunchTests.swift in Sources */ = {isa = PBXBuildFile; fileRef = 682710562A6D05CC004E85CD /* LandmarksUITestsLaunchTests.swift */; };
		682710642A6D0DD7004E85CD /* CircleImage.swift in Sources */ = {isa = PBXBuildFile; fileRef = 682710632A6D0DD7004E85CD /* CircleImage.swift */; };
		6827106C2A6D0ECD004E85CD /* MapView.swift in Sources */ = {isa = PBXBuildFile; fileRef = 6827106B2A6D0ECD004E85CD /* MapView.swift */; };
		6827106F2A6D1E87004E85CD /* landmarkData.json in Resources */ = {isa = PBXBuildFile; fileRef = 6827106E2A6D1E86004E85CD /* landmarkData.json */; };
		682710722A6D1EB6004E85CD /* Landmark.swift in Sources */ = {isa = PBXBuildFile; fileRef = 682710712A6D1EB6004E85CD /* Landmark.swift */; };
		682710752A6D228D004E85CD /* ModelData.swift in Sources */ = {isa = PBXBuildFile; fileRef = 682710742A6D228D004E85CD /* ModelData.swift */; };
		682710782A6D494E004E85CD /* LandmarkRow.swift in Sources */ = {isa = PBXBuildFile; fileRef = 682710772A6D494E004E85CD /* LandmarkRow.swift */; };
		6827107A2A6D4B65004E85CD /* LandmarkList.swift in Sources */ = {isa = PBXBuildFile; fileRef = 682710792A6D4B65004E85CD /* LandmarkList.swift */; };
		6827107C2A6D4DE3004E85CD /* LandmarkDetail.swift in Sources */ = {isa = PBXBuildFile; fileRef = 6827107B2A6D4DE3004E85CD /* LandmarkDetail.swift */; };
/* End PBXBuildFile section */

/* Begin PBXContainerItemProxy section */
		682710472A6D05CC004E85CD /* PBXContainerItemProxy */ = {
			isa = PBXContainerItemProxy;
			containerPortal = 6827102E2A6D05C9004E85CD /* Project object */;
			proxyType = 1;
			remoteGlobalIDString = 682710352A6D05C9004E85CD;
			remoteInfo = Landmarks;
		};
		682710512A6D05CC004E85CD /* PBXContainerItemProxy */ = {
			isa = PBXContainerItemProxy;
			containerPortal = 6827102E2A6D05C9004E85CD /* Project object */;
			proxyType = 1;
			remoteGlobalIDString = 682710352A6D05C9004E85CD;
			remoteInfo = Landmarks;
		};
/* End PBXContainerItemProxy section */

/* Begin PBXFileReference section */
		682710362A6D05C9004E85CD /* Landmarks.app */ = {isa = PBXFileReference; explicitFileType = wrapper.application; includeInIndex = 0; path = Landmarks.app; sourceTree = BUILT_PRODUCTS_DIR; };
		682710392A6D05C9004E85CD /* LandmarksApp.swift */ = {isa = PBXFileReference; lastKnownFileType = sourcecode.swift; path = LandmarksApp.swift; sourceTree = "<group>"; };
		6827103B2A6D05C9004E85CD /* ContentView.swift */ = {isa = PBXFileReference; lastKnownFileType = sourcecode.swift; path = ContentView.swift; sourceTree = "<group>"; };
		6827103D2A6D05CC004E85CD /* Assets.xcassets */ = {isa = PBXFileReference; lastKnownFileType = folder.assetcatalog; path = Assets.xcassets; sourceTree = "<group>"; };
		682710402A6D05CC004E85CD /* Preview Assets.xcassets */ = {isa = PBXFileReference; lastKnownFileType = folder.assetcatalog; path = "Preview Assets.xcassets"; sourceTree = "<group>"; };
		682710462A6D05CC004E85CD /* LandmarksTests.xctest */ = {isa = PBXFileReference; explicitFileType = wrapper.cfbundle; includeInIndex = 0; path = LandmarksTests.xctest; sourceTree = BUILT_PRODUCTS_DIR; };
		6827104A2A6D05CC004E85CD /* LandmarksTests.swift */ = {isa = PBXFileReference; lastKnownFileType = sourcecode.swift; path = LandmarksTests.swift; sourceTree = "<group>"; };
		682710502A6D05CC004E85CD /* LandmarksUITests.xctest */ = {isa = PBXFileReference; explicitFileType = wrapper.cfbundle; includeInIndex = 0; path = LandmarksUITests.xctest; sourceTree = BUILT_PRODUCTS_DIR; };
		682710542A6D05CC004E85CD /* LandmarksUITests.swift */ = {isa = PBXFileReference; lastKnownFileType = sourcecode.swift; path = LandmarksUITests.swift; sourceTree = "<group>"; };
		682710562A6D05CC004E85CD /* LandmarksUITestsLaunchTests.swift */ = {isa = PBXFileReference; lastKnownFileType = sourcecode.swift; path = LandmarksUITestsLaunchTests.swift; sourceTree = "<group>"; };
		682710632A6D0DD7004E85CD /* CircleImage.swift */ = {isa = PBXFileReference; lastKnownFileType = sourcecode.swift; path = CircleImage.swift; sourceTree = "<group>"; };
		6827106B2A6D0ECD004E85CD /* MapView.swift */ = {isa = PBXFileReference; lastKnownFileType = sourcecode.swift; path = MapView.swift; sourceTree = "<group>"; };
		6827106E2A6D1E86004E85CD /* landmarkData.json */ = {isa = PBXFileReference; fileEncoding = 4; lastKnownFileType = text.json; name = landmarkData.json; path = Landmarks/Resources/landmarkData.json; sourceTree = SOURCE_ROOT; };
		682710712A6D1EB6004E85CD /* Landmark.swift */ = {isa = PBXFileReference; lastKnownFileType = sourcecode.swift; path = Landmark.swift; sourceTree = "<group>"; };
		682710742A6D228D004E85CD /* ModelData.swift */ = {isa = PBXFileReference; lastKnownFileType = sourcecode.swift; path = ModelData.swift; sourceTree = "<group>"; };
		682710772A6D494E004E85CD /* LandmarkRow.swift */ = {isa = PBXFileReference; lastKnownFileType = sourcecode.swift; path = LandmarkRow.swift; sourceTree = "<group>"; };
		682710792A6D4B65004E85CD /* LandmarkList.swift */ = {isa = PBXFileReference; lastKnownFileType = sourcecode.swift; path = LandmarkList.swift; sourceTree = "<group>"; };
		6827107B2A6D4DE3004E85CD /* LandmarkDetail.swift */ = {isa = PBXFileReference; lastKnownFileType = sourcecode.swift; path = LandmarkDetail.swift; sourceTree = "<group>"; };
/* End PBXFileReference section */

/* Begin PBXFrameworksBuildPhase section */
		682710332A6D05C9004E85CD /* Frameworks */ = {
			isa = PBXFrameworksBuildPhase;
			buildActionMask = 2147483647;
			files = (
			);
			runOnlyForDeploymentPostprocessing = 0;
		};
		682710432A6D05CC004E85CD /* Frameworks */ = {
			isa = PBXFrameworksBuildPhase;
			buildActionMask = 2147483647;
			files = (
			);
			runOnlyForDeploymentPostprocessing = 0;
		};
		6827104D2A6D05CC004E85CD /* Frameworks */ = {
			isa = PBXFrameworksBuildPhase;
			buildActionMask = 2147483647;
			files = (
			);
			runOnlyForDeploymentPostprocessing = 0;
		};
/* End PBXFrameworksBuildPhase section */

/* Begin PBXGroup section */
		6827102D2A6D05C9004E85CD = {
			isa = PBXGroup;
			children = (
				682710382A6D05C9004E85CD /* Landmarks */,
				682710492A6D05CC004E85CD /* LandmarksTests */,
				682710532A6D05CC004E85CD /* LandmarksUITests */,
				682710372A6D05C9004E85CD /* Products */,
			);
			sourceTree = "<group>";
		};
		682710372A6D05C9004E85CD /* Products */ = {
			isa = PBXGroup;
			children = (
				682710362A6D05C9004E85CD /* Landmarks.app */,
				682710462A6D05CC004E85CD /* LandmarksTests.xctest */,
				682710502A6D05CC004E85CD /* LandmarksUITests.xctest */,
			);
			name = Products;
			sourceTree = "<group>";
		};
		682710382A6D05C9004E85CD /* Landmarks */ = {
			isa = PBXGroup;
			children = (
				6827106D2A6D0ED1004E85CD /* Views */,
				682710732A6D2282004E85CD /* Model */,
				682710762A6D490D004E85CD /* Resources */,
				682710392A6D05C9004E85CD /* LandmarksApp.swift */,
				6827103D2A6D05CC004E85CD /* Assets.xcassets */,
				6827103F2A6D05CC004E85CD /* Preview Content */,
			);
			path = Landmarks;
			sourceTree = "<group>";
		};
		6827103F2A6D05CC004E85CD /* Preview Content */ = {
			isa = PBXGroup;
			children = (
				682710402A6D05CC004E85CD /* Preview Assets.xcassets */,
			);
			path = "Preview Content";
			sourceTree = "<group>";
		};
		682710492A6D05CC004E85CD /* LandmarksTests */ = {
			isa = PBXGroup;
			children = (
				6827104A2A6D05CC004E85CD /* LandmarksTests.swift */,
			);
			path = LandmarksTests;
			sourceTree = "<group>";
		};
		682710532A6D05CC004E85CD /* LandmarksUITests */ = {
			isa = PBXGroup;
			children = (
				682710542A6D05CC004E85CD /* LandmarksUITests.swift */,
				682710562A6D05CC004E85CD /* LandmarksUITestsLaunchTests.swift */,
			);
			path = LandmarksUITests;
			sourceTree = "<group>";
		};
		6827106D2A6D0ED1004E85CD /* Views */ = {
			isa = PBXGroup;
			children = (
				6827103B2A6D05C9004E85CD /* ContentView.swift */,
				682710632A6D0DD7004E85CD /* CircleImage.swift */,
				6827106B2A6D0ECD004E85CD /* MapView.swift */,
				682710772A6D494E004E85CD /* LandmarkRow.swift */,
				682710792A6D4B65004E85CD /* LandmarkList.swift */,
				6827107B2A6D4DE3004E85CD /* LandmarkDetail.swift */,
			);
			path = Views;
			sourceTree = "<group>";
		};
		682710732A6D2282004E85CD /* Model */ = {
			isa = PBXGroup;
			children = (
				682710712A6D1EB6004E85CD /* Landmark.swift */,
				682710742A6D228D004E85CD /* ModelData.swift */,
			);
			path = Model;
			sourceTree = "<group>";
		};
		682710762A6D490D004E85CD /* Resources */ = {
			isa = PBXGroup;
			children = (
				6827106E2A6D1E86004E85CD /* landmarkData.json */,
			);
			path = Resources;
			sourceTree = "<group>";
		};
/* End PBXGroup section */

/* Begin PBXNativeTarget section */
		682710352A6D05C9004E85CD /* Landmarks */ = {
			isa = PBXNativeTarget;
			buildConfigurationList = 6827105A2A6D05CC004E85CD /* Build configuration list for PBXNativeTarget "Landmarks" */;
			buildPhases = (
				682710322A6D05C9004E85CD /* Sources */,
				682710332A6D05C9004E85CD /* Frameworks */,
				682710342A6D05C9004E85CD /* Resources */,
			);
			buildRules = (
			);
			dependencies = (
			);
			name = Landmarks;
			productName = Landmarks;
			productReference = 682710362A6D05C9004E85CD /* Landmarks.app */;
			productType = "com.apple.product-type.application";
		};
		682710452A6D05CC004E85CD /* LandmarksTests */ = {
			isa = PBXNativeTarget;
			buildConfigurationList = 6827105D2A6D05CC004E85CD /* Build configuration list for PBXNativeTarget "LandmarksTests" */;
			buildPhases = (
				682710422A6D05CC004E85CD /* Sources */,
				682710432A6D05CC004E85CD /* Frameworks */,
				682710442A6D05CC004E85CD /* Resources */,
			);
			buildRules = (
			);
			dependencies = (
				682710482A6D05CC004E85CD /* PBXTargetDependency */,
			);
			name = LandmarksTests;
			productName = LandmarksTests;
			productReference = 682710462A6D05CC004E85CD /* LandmarksTests.xctest */;
			productType = "com.apple.product-type.bundle.unit-test";
		};
		6827104F2A6D05CC004E85CD /* LandmarksUITests */ = {
			isa = PBXNativeTarget;
			buildConfigurationList = 682710602A6D05CC004E85CD /* Build configuration list for PBXNativeTarget "LandmarksUITests" */;
			buildPhases = (
				6827104C2A6D05CC004E85CD /* Sources */,
				6827104D2A6D05CC004E85CD /* Frameworks */,
				6827104E2A6D05CC004E85CD /* Resources */,
			);
			buildRules = (
			);
			dependencies = (
				682710522A6D05CC004E85CD /* PBXTargetDependency */,
			);
			name = LandmarksUITests;
			productName = LandmarksUITests;
			productReference = 682710502A6D05CC004E85CD /* LandmarksUITests.xctest */;
			productType = "com.apple.product-type.bundle.ui-testing";
		};
/* End PBXNativeTarget section */

/* Begin PBXProject section */
		6827102E2A6D05C9004E85CD /* Project object */ = {
			isa = PBXProject;
			attributes = {
				BuildIndependentTargetsInParallel = 1;
				LastSwiftUpdateCheck = 1430;
				LastUpgradeCheck = 1430;
				TargetAttributes = {
					682710352A6D05C9004E85CD = {
						CreatedOnToolsVersion = 14.3.1;
					};
					682710452A6D05CC004E85CD = {
						CreatedOnToolsVersion = 14.3.1;
						TestTargetID = 682710352A6D05C9004E85CD;
					};
					6827104F2A6D05CC004E85CD = {
						CreatedOnToolsVersion = 14.3.1;
						TestTargetID = 682710352A6D05C9004E85CD;
					};
				};
			};
			buildConfigurationList = 682710312A6D05C9004E85CD /* Build configuration list for PBXProject "Landmarks" */;
			compatibilityVersion = "Xcode 14.0";
			developmentRegion = en;
			hasScannedForEncodings = 0;
			knownRegions = (
				en,
				Base,
			);
			mainGroup = 6827102D2A6D05C9004E85CD;
			productRefGroup = 682710372A6D05C9004E85CD /* Products */;
			projectDirPath = "";
			projectRoot = "";
			targets = (
				682710352A6D05C9004E85CD /* Landmarks */,
				682710452A6D05CC004E85CD /* LandmarksTests */,
				6827104F2A6D05CC004E85CD /* LandmarksUITests */,
			);
		};
/* End PBXProject section */

/* Begin PBXResourcesBuildPhase section */
		682710342A6D05C9004E85CD /* Resources */ = {
			isa = PBXResourcesBuildPhase;
			buildActionMask = 2147483647;
			files = (
				682710412A6D05CC004E85CD /* Preview Assets.xcassets in Resources */,
				6827103E2A6D05CC004E85CD /* Assets.xcassets in Resources */,
				6827106F2A6D1E87004E85CD /* landmarkData.json in Resources */,
			);
			runOnlyForDeploymentPostprocessing = 0;
		};
		682710442A6D05CC004E85CD /* Resources */ = {
			isa = PBXResourcesBuildPhase;
			buildActionMask = 2147483647;
			files = (
			);
			runOnlyForDeploymentPostprocessing = 0;
		};
		6827104E2A6D05CC004E85CD /* Resources */ = {
			isa = PBXResourcesBuildPhase;
			buildActionMask = 2147483647;
			files = (
			);
			runOnlyForDeploymentPostprocessing = 0;
		};
/* End PBXResourcesBuildPhase section */

/* Begin PBXSourcesBuildPhase section */
		682710322A6D05C9004E85CD /* Sources */ = {
			isa = PBXSourcesBuildPhase;
			buildActionMask = 2147483647;
			files = (
				6827103C2A6D05C9004E85CD /* ContentView.swift in Sources */,
				6827106C2A6D0ECD004E85CD /* MapView.swift in Sources */,
				6827103A2A6D05C9004E85CD /* LandmarksApp.swift in Sources */,
				6827107A2A6D4B65004E85CD /* LandmarkList.swift in Sources */,
				6827107C2A6D4DE3004E85CD /* LandmarkDetail.swift in Sources */,
				682710642A6D0DD7004E85CD /* CircleImage.swift in Sources */,
				682710722A6D1EB6004E85CD /* Landmark.swift in Sources */,
				682710782A6D494E004E85CD /* LandmarkRow.swift in Sources */,
				682710752A6D228D004E85CD /* ModelData.swift in Sources */,
			);
			runOnlyForDeploymentPostprocessing = 0;
		};
		682710422A6D05CC004E85CD /* Sources */ = {
			isa = PBXSourcesBuildPhase;
			buildActionMask = 2147483647;
			files = (
				6827104B2A6D05CC004E85CD /* LandmarksTests.swift in Sources */,
			);
			runOnlyForDeploymentPostprocessing = 0;
		};
		6827104C2A6D05CC004E85CD /* Sources */ = {
			isa = PBXSourcesBuildPhase;
			buildActionMask = 2147483647;
			files = (
				682710572A6D05CC004E85CD /* LandmarksUITestsLaunchTests.swift in Sources */,
				682710552A6D05CC004E85CD /* LandmarksUITests.swift in Sources */,
			);
			runOnlyForDeploymentPostprocessing = 0;
		};
/* End PBXSourcesBuildPhase section */

/* Begin PBXTargetDependency section */
		682710482A6D05CC004E85CD /* PBXTargetDependency */ = {
			isa = PBXTargetDependency;
			target = 682710352A6D05C9004E85CD /* Landmarks */;
			targetProxy = 682710472A6D05CC004E85CD /* PBXContainerItemProxy */;
		};
		682710522A6D05CC004E85CD /* PBXTargetDependency */ = {
			isa = PBXTargetDependency;
			target = 682710352A6D05C9004E85CD /* Landmarks */;
			targetProxy = 682710512A6D05CC004E85CD /* PBXContainerItemProxy */;
		};
/* End PBXTargetDependency section */

/* Begin XCBuildConfiguration section */
		682710582A6D05CC004E85CD /* Debug */ = {
			isa = XCBuildConfiguration;
			buildSettings = {
				ALWAYS_SEARCH_USER_PATHS = NO;
				CLANG_ANALYZER_NONNULL = YES;
				CLANG_ANALYZER_NUMBER_OBJECT_CONVERSION = YES_AGGRESSIVE;
				CLANG_CXX_LANGUAGE_STANDARD = "gnu++20";
				CLANG_ENABLE_MODULES = YES;
				CLANG_ENABLE_OBJC_ARC = YES;
				CLANG_ENABLE_OBJC_WEAK = YES;
				CLANG_WARN_BLOCK_CAPTURE_AUTORELEASING = YES;
				CLANG_WARN_BOOL_CONVERSION = YES;
				CLANG_WARN_COMMA = YES;
				CLANG_WARN_CONSTANT_CONVERSION = YES;
				CLANG_WARN_DEPRECATED_OBJC_IMPLEMENTATIONS = YES;
				CLANG_WARN_DIRECT_OBJC_ISA_USAGE = YES_ERROR;
				CLANG_WARN_DOCUMENTATION_COMMENTS = YES;
				CLANG_WARN_EMPTY_BODY = YES;
				CLANG_WARN_ENUM_CONVERSION = YES;
				CLANG_WARN_INFINITE_RECURSION = YES;
				CLANG_WARN_INT_CONVERSION = YES;
				CLANG_WARN_NON_LITERAL_NULL_CONVERSION = YES;
				CLANG_WARN_OBJC_IMPLICIT_RETAIN_SELF = YES;
				CLANG_WARN_OBJC_LITERAL_CONVERSION = YES;
				CLANG_WARN_OBJC_ROOT_CLASS = YES_ERROR;
				CLANG_WARN_QUOTED_INCLUDE_IN_FRAMEWORK_HEADER = YES;
				CLANG_WARN_RANGE_LOOP_ANALYSIS = YES;
				CLANG_WARN_STRICT_PROTOTYPES = YES;
				CLANG_WARN_SUSPICIOUS_MOVE = YES;
				CLANG_WARN_UNGUARDED_AVAILABILITY = YES_AGGRESSIVE;
				CLANG_WARN_UNREACHABLE_CODE = YES;
				CLANG_WARN__DUPLICATE_METHOD_MATCH = YES;
				COPY_PHASE_STRIP = NO;
				DEBUG_INFORMATION_FORMAT = dwarf;
				ENABLE_STRICT_OBJC_MSGSEND = YES;
				ENABLE_TESTABILITY = YES;
				GCC_C_LANGUAGE_STANDARD = gnu11;
				GCC_DYNAMIC_NO_PIC = NO;
				GCC_NO_COMMON_BLOCKS = YES;
				GCC_OPTIMIZATION_LEVEL = 0;
				GCC_PREPROCESSOR_DEFINITIONS = (
					"DEBUG=1",
					"$(inherited)",
				);
				GCC_WARN_64_TO_32_BIT_CONVERSION = YES;
				GCC_WARN_ABOUT_RETURN_TYPE = YES_ERROR;
				GCC_WARN_UNDECLARED_SELECTOR = YES;
				GCC_WARN_UNINITIALIZED_AUTOS = YES_AGGRESSIVE;
				GCC_WARN_UNUSED_FUNCTION = YES;
				GCC_WARN_UNUSED_VARIABLE = YES;
				IPHONEOS_DEPLOYMENT_TARGET = 16.4;
				MTL_ENABLE_DEBUG_INFO = INCLUDE_SOURCE;
				MTL_FAST_MATH = YES;
				ONLY_ACTIVE_ARCH = YES;
				SDKROOT = iphoneos;
				SWIFT_ACTIVE_COMPILATION_CONDITIONS = DEBUG;
				SWIFT_OPTIMIZATION_LEVEL = "-Onone";
			};
			name = Debug;
		};
		682710592A6D05CC004E85CD /* Release */ = {
			isa = XCBuildConfiguration;
			buildSettings = {
				ALWAYS_SEARCH_USER_PATHS = NO;
				CLANG_ANALYZER_NONNULL = YES;
				CLANG_ANALYZER_NUMBER_OBJECT_CONVERSION = YES_AGGRESSIVE;
				CLANG_CXX_LANGUAGE_STANDARD = "gnu++20";
				CLANG_ENABLE_MODULES = YES;
				CLANG_ENABLE_OBJC_ARC = YES;
				CLANG_ENABLE_OBJC_WEAK = YES;
				CLANG_WARN_BLOCK_CAPTURE_AUTORELEASING = YES;
				CLANG_WARN_BOOL_CONVERSION = YES;
				CLANG_WARN_COMMA = YES;
				CLANG_WARN_CONSTANT_CONVERSION = YES;
				CLANG_WARN_DEPRECATED_OBJC_IMPLEMENTATIONS = YES;
				CLANG_WARN_DIRECT_OBJC_ISA_USAGE = YES_ERROR;
				CLANG_WARN_DOCUMENTATION_COMMENTS = YES;
				CLANG_WARN_EMPTY_BODY = YES;
				CLANG_WARN_ENUM_CONVERSION = YES;
				CLANG_WARN_INFINITE_RECURSION = YES;
				CLANG_WARN_INT_CONVERSION = YES;
				CLANG_WARN_NON_LITERAL_NULL_CONVERSION = YES;
				CLANG_WARN_OBJC_IMPLICIT_RETAIN_SELF = YES;
				CLANG_WARN_OBJC_LITERAL_CONVERSION = YES;
				CLANG_WARN_OBJC_ROOT_CLASS = YES_ERROR;
				CLANG_WARN_QUOTED_INCLUDE_IN_FRAMEWORK_HEADER = YES;
				CLANG_WARN_RANGE_LOOP_ANALYSIS = YES;
				CLANG_WARN_STRICT_PROTOTYPES = YES;
				CLANG_WARN_SUSPICIOUS_MOVE = YES;
				CLANG_WARN_UNGUARDED_AVAILABILITY = YES_AGGRESSIVE;
				CLANG_WARN_UNREACHABLE_CODE = YES;
				CLANG_WARN__DUPLICATE_METHOD_MATCH = YES;
				COPY_PHASE_STRIP = NO;
				DEBUG_INFORMATION_FORMAT = "dwarf-with-dsym";
				ENABLE_NS_ASSERTIONS = NO;
				ENABLE_STRICT_OBJC_MSGSEND = YES;
				GCC_C_LANGUAGE_STANDARD = gnu11;
				GCC_NO_COMMON_BLOCKS = YES;
				GCC_WARN_64_TO_32_BIT_CONVERSION = YES;
				GCC_WARN_ABOUT_RETURN_TYPE = YES_ERROR;
				GCC_WARN_UNDECLARED_SELECTOR = YES;
				GCC_WARN_UNINITIALIZED_AUTOS = YES_AGGRESSIVE;
				GCC_WARN_UNUSED_FUNCTION = YES;
				GCC_WARN_UNUSED_VARIABLE = YES;
				IPHONEOS_DEPLOYMENT_TARGET = 16.4;
				MTL_ENABLE_DEBUG_INFO = NO;
				MTL_FAST_MATH = YES;
				SDKROOT = iphoneos;
				SWIFT_COMPILATION_MODE = wholemodule;
				SWIFT_OPTIMIZATION_LEVEL = "-O";
				VALIDATE_PRODUCT = YES;
			};
			name = Release;
		};
		6827105B2A6D05CC004E85CD /* Debug */ = {
			isa = XCBuildConfiguration;
			buildSettings = {
				ASSETCATALOG_COMPILER_APPICON_NAME = AppIcon;
				ASSETCATALOG_COMPILER_GLOBAL_ACCENT_COLOR_NAME = AccentColor;
				CODE_SIGN_STYLE = Automatic;
				CURRENT_PROJECT_VERSION = 1;
				DEVELOPMENT_ASSET_PATHS = "\"Landmarks/Preview Content\"";
				DEVELOPMENT_TEAM = W832C4SNYD;
				ENABLE_PREVIEWS = YES;
				GENERATE_INFOPLIST_FILE = YES;
				INFOPLIST_KEY_UIApplicationSceneManifest_Generation = YES;
				INFOPLIST_KEY_UIApplicationSupportsIndirectInputEvents = YES;
				INFOPLIST_KEY_UILaunchScreen_Generation = YES;
				INFOPLIST_KEY_UISupportedInterfaceOrientations_iPad = "UIInterfaceOrientationPortrait UIInterfaceOrientationPortraitUpsideDown UIInterfaceOrientationLandscapeLeft UIInterfaceOrientationLandscapeRight";
				INFOPLIST_KEY_UISupportedInterfaceOrientations_iPhone = "UIInterfaceOrientationPortrait UIInterfaceOrientationLandscapeLeft UIInterfaceOrientationLandscapeRight";
				LD_RUNPATH_SEARCH_PATHS = (
					"$(inherited)",
					"@executable_path/Frameworks",
				);
				MARKETING_VERSION = 1.0;
				PRODUCT_BUNDLE_IDENTIFIER = lxxyeon.Landmarks;
				PRODUCT_NAME = "$(TARGET_NAME)";
				SWIFT_EMIT_LOC_STRINGS = YES;
				SWIFT_VERSION = 5.0;
				TARGETED_DEVICE_FAMILY = "1,2";
			};
			name = Debug;
		};
		6827105C2A6D05CC004E85CD /* Release */ = {
			isa = XCBuildConfiguration;
			buildSettings = {
				ASSETCATALOG_COMPILER_APPICON_NAME = AppIcon;
				ASSETCATALOG_COMPILER_GLOBAL_ACCENT_COLOR_NAME = AccentColor;
				CODE_SIGN_STYLE = Automatic;
				CURRENT_PROJECT_VERSION = 1;
				DEVELOPMENT_ASSET_PATHS = "\"Landmarks/Preview Content\"";
				DEVELOPMENT_TEAM = W832C4SNYD;
				ENABLE_PREVIEWS = YES;
				GENERATE_INFOPLIST_FILE = YES;
				INFOPLIST_KEY_UIApplicationSceneManifest_Generation = YES;
				INFOPLIST_KEY_UIApplicationSupportsIndirectInputEvents = YES;
				INFOPLIST_KEY_UILaunchScreen_Generation = YES;
				INFOPLIST_KEY_UISupportedInterfaceOrientations_iPad = "UIInterfaceOrientationPortrait UIInterfaceOrientationPortraitUpsideDown UIInterfaceOrientationLandscapeLeft UIInterfaceOrientationLandscapeRight";
				INFOPLIST_KEY_UISupportedInterfaceOrientations_iPhone = "UIInterfaceOrientationPortrait UIInterfaceOrientationLandscapeLeft UIInterfaceOrientationLandscapeRight";
				LD_RUNPATH_SEARCH_PATHS = (
					"$(inherited)",
					"@executable_path/Frameworks",
				);
				MARKETING_VERSION = 1.0;
				PRODUCT_BUNDLE_IDENTIFIER = lxxyeon.Landmarks;
				PRODUCT_NAME = "$(TARGET_NAME)";
				SWIFT_EMIT_LOC_STRINGS = YES;
				SWIFT_VERSION = 5.0;
				TARGETED_DEVICE_FAMILY = "1,2";
			};
			name = Release;
		};
		6827105E2A6D05CC004E85CD /* Debug */ = {
			isa = XCBuildConfiguration;
			buildSettings = {
				ALWAYS_EMBED_SWIFT_STANDARD_LIBRARIES = YES;
				BUNDLE_LOADER = "$(TEST_HOST)";
				CODE_SIGN_STYLE = Automatic;
				CURRENT_PROJECT_VERSION = 1;
				DEVELOPMENT_TEAM = W832C4SNYD;
				GENERATE_INFOPLIST_FILE = YES;
				IPHONEOS_DEPLOYMENT_TARGET = 16.4;
				MARKETING_VERSION = 1.0;
				PRODUCT_BUNDLE_IDENTIFIER = lxxyeon.LandmarksTests;
				PRODUCT_NAME = "$(TARGET_NAME)";
				SWIFT_EMIT_LOC_STRINGS = NO;
				SWIFT_VERSION = 5.0;
				TARGETED_DEVICE_FAMILY = "1,2";
				TEST_HOST = "$(BUILT_PRODUCTS_DIR)/Landmarks.app/$(BUNDLE_EXECUTABLE_FOLDER_PATH)/Landmarks";
			};
			name = Debug;
		};
		6827105F2A6D05CC004E85CD /* Release */ = {
			isa = XCBuildConfiguration;
			buildSettings = {
				ALWAYS_EMBED_SWIFT_STANDARD_LIBRARIES = YES;
				BUNDLE_LOADER = "$(TEST_HOST)";
				CODE_SIGN_STYLE = Automatic;
				CURRENT_PROJECT_VERSION = 1;
				DEVELOPMENT_TEAM = W832C4SNYD;
				GENERATE_INFOPLIST_FILE = YES;
				IPHONEOS_DEPLOYMENT_TARGET = 16.4;
				MARKETING_VERSION = 1.0;
				PRODUCT_BUNDLE_IDENTIFIER = lxxyeon.LandmarksTests;
				PRODUCT_NAME = "$(TARGET_NAME)";
				SWIFT_EMIT_LOC_STRINGS = NO;
				SWIFT_VERSION = 5.0;
				TARGETED_DEVICE_FAMILY = "1,2";
				TEST_HOST = "$(BUILT_PRODUCTS_DIR)/Landmarks.app/$(BUNDLE_EXECUTABLE_FOLDER_PATH)/Landmarks";
			};
			name = Release;
		};
		682710612A6D05CC004E85CD /* Debug */ = {
			isa = XCBuildConfiguration;
			buildSettings = {
				ALWAYS_EMBED_SWIFT_STANDARD_LIBRARIES = YES;
				CODE_SIGN_STYLE = Automatic;
				CURRENT_PROJECT_VERSION = 1;
				DEVELOPMENT_TEAM = W832C4SNYD;
				GENERATE_INFOPLIST_FILE = YES;
				MARKETING_VERSION = 1.0;
				PRODUCT_BUNDLE_IDENTIFIER = lxxyeon.LandmarksUITests;
				PRODUCT_NAME = "$(TARGET_NAME)";
				SWIFT_EMIT_LOC_STRINGS = NO;
				SWIFT_VERSION = 5.0;
				TARGETED_DEVICE_FAMILY = "1,2";
				TEST_TARGET_NAME = Landmarks;
			};
			name = Debug;
		};
		682710622A6D05CC004E85CD /* Release */ = {
			isa = XCBuildConfiguration;
			buildSettings = {
				ALWAYS_EMBED_SWIFT_STANDARD_LIBRARIES = YES;
				CODE_SIGN_STYLE = Automatic;
				CURRENT_PROJECT_VERSION = 1;
				DEVELOPMENT_TEAM = W832C4SNYD;
				GENERATE_INFOPLIST_FILE = YES;
				MARKETING_VERSION = 1.0;
				PRODUCT_BUNDLE_IDENTIFIER = lxxyeon.LandmarksUITests;
				PRODUCT_NAME = "$(TARGET_NAME)";
				SWIFT_EMIT_LOC_STRINGS = NO;
				SWIFT_VERSION = 5.0;
				TARGETED_DEVICE_FAMILY = "1,2";
				TEST_TARGET_NAME = Landmarks;
			};
			name = Release;
		};
/* End XCBuildConfiguration section */

/* Begin XCConfigurationList section */
		682710312A6D05C9004E85CD /* Build configuration list for PBXProject "Landmarks" */ = {
			isa = XCConfigurationList;
			buildConfigurations = (
				682710582A6D05CC004E85CD /* Debug */,
				682710592A6D05CC004E85CD /* Release */,
			);
			defaultConfigurationIsVisible = 0;
			defaultConfigurationName = Release;
		};
		6827105A2A6D05CC004E85CD /* Build configuration list for PBXNativeTarget "Landmarks" */ = {
			isa = XCConfigurationList;
			buildConfigurations = (
				6827105B2A6D05CC004E85CD /* Debug */,
				6827105C2A6D05CC004E85CD /* Release */,
			);
			defaultConfigurationIsVisible = 0;
			defaultConfigurationName = Release;
		};
		6827105D2A6D05CC004E85CD /* Build configuration list for PBXNativeTarget "LandmarksTests" */ = {
			isa = XCConfigurationList;
			buildConfigurations = (
				6827105E2A6D05CC004E85CD /* Debug */,
				6827105F2A6D05CC004E85CD /* Release */,
			);
			defaultConfigurationIsVisible = 0;
			defaultConfigurationName = Release;
		};
		682710602A6D05CC004E85CD /* Build configuration list for PBXNativeTarget "LandmarksUITests" */ = {
			isa = XCConfigurationList;
			buildConfigurations = (
				682710612A6D05CC004E85CD /* Debug */,
				682710622A6D05CC004E85CD /* Release */,
			);
			defaultConfigurationIsVisible = 0;
			defaultConfigurationName = Release;
		};
/* End XCConfigurationList section */
	};
	rootObject = 6827102E2A6D05C9004E85CD /* Project object */;
}
