// !$*UTF8*$!
{
	archiveVersion = 1;
	classes = {
	};
	objectVersion = 56;
	objects = {

/* Begin PBXBuildFile section */
		6822A2282A7A7B8A0034A405 /* SwiftUIDocumentApp.swift in Sources */ = {isa = PBXBuildFile; fileRef = 6822A2272A7A7B8A0034A405 /* SwiftUIDocumentApp.swift */; };
		6822A22A2A7A7B8A0034A405 /* ContentView.swift in Sources */ = {isa = PBXBuildFile; fileRef = 6822A2292A7A7B8A0034A405 /* ContentView.swift */; };
		6822A22C2A7A7B8D0034A405 /* Assets.xcassets in Resources */ = {isa = PBXBuildFile; fileRef = 6822A22B2A7A7B8D0034A405 /* Assets.xcassets */; };
		6822A22F2A7A7B8D0034A405 /* Preview Assets.xcassets in Resources */ = {isa = PBXBuildFile; fileRef = 6822A22E2A7A7B8D0034A405 /* Preview Assets.xcassets */; };
		6822A2392A7A7B8D0034A405 /* SwiftUIDocumentTests.swift in Sources */ = {isa = PBXBuildFile; fileRef = 6822A2382A7A7B8D0034A405 /* SwiftUIDocumentTests.swift */; };
		6822A2432A7A7B8D0034A405 /* SwiftUIDocumentUITests.swift in Sources */ = {isa = PBXBuildFile; fileRef = 6822A2422A7A7B8D0034A405 /* SwiftUIDocumentUITests.swift */; };
		6822A2452A7A7B8D0034A405 /* SwiftUIDocumentUITestsLaunchTests.swift in Sources */ = {isa = PBXBuildFile; fileRef = 6822A2442A7A7B8D0034A405 /* SwiftUIDocumentUITestsLaunchTests.swift */; };
/* End PBXBuildFile section */

/* Begin PBXContainerItemProxy section */
		6822A2352A7A7B8D0034A405 /* PBXContainerItemProxy */ = {
			isa = PBXContainerItemProxy;
			containerPortal = 6822A21C2A7A7B8A0034A405 /* Project object */;
			proxyType = 1;
			remoteGlobalIDString = 6822A2232A7A7B8A0034A405;
			remoteInfo = SwiftUIDocument;
		};
		6822A23F2A7A7B8D0034A405 /* PBXContainerItemProxy */ = {
			isa = PBXContainerItemProxy;
			containerPortal = 6822A21C2A7A7B8A0034A405 /* Project object */;
			proxyType = 1;
			remoteGlobalIDString = 6822A2232A7A7B8A0034A405;
			remoteInfo = SwiftUIDocument;
		};
/* End PBXContainerItemProxy section */

/* Begin PBXFileReference section */
		6822A2242A7A7B8A0034A405 /* SwiftUIDocument.app */ = {isa = PBXFileReference; explicitFileType = wrapper.application; includeInIndex = 0; path = SwiftUIDocument.app; sourceTree = BUILT_PRODUCTS_DIR; };
		6822A2272A7A7B8A0034A405 /* SwiftUIDocumentApp.swift */ = {isa = PBXFileReference; lastKnownFileType = sourcecode.swift; path = SwiftUIDocumentApp.swift; sourceTree = "<group>"; };
		6822A2292A7A7B8A0034A405 /* ContentView.swift */ = {isa = PBXFileReference; lastKnownFileType = sourcecode.swift; path = ContentView.swift; sourceTree = "<group>"; };
		6822A22B2A7A7B8D0034A405 /* Assets.xcassets */ = {isa = PBXFileReference; lastKnownFileType = folder.assetcatalog; path = Assets.xcassets; sourceTree = "<group>"; };
		6822A22E2A7A7B8D0034A405 /* Preview Assets.xcassets */ = {isa = PBXFileReference; lastKnownFileType = folder.assetcatalog; path = "Preview Assets.xcassets"; sourceTree = "<group>"; };
		6822A2342A7A7B8D0034A405 /* SwiftUIDocumentTests.xctest */ = {isa = PBXFileReference; explicitFileType = wrapper.cfbundle; includeInIndex = 0; path = SwiftUIDocumentTests.xctest; sourceTree = BUILT_PRODUCTS_DIR; };
		6822A2382A7A7B8D0034A405 /* SwiftUIDocumentTests.swift */ = {isa = PBXFileReference; lastKnownFileType = sourcecode.swift; path = SwiftUIDocumentTests.swift; sourceTree = "<group>"; };
		6822A23E2A7A7B8D0034A405 /* SwiftUIDocumentUITests.xctest */ = {isa = PBXFileReference; explicitFileType = wrapper.cfbundle; includeInIndex = 0; path = SwiftUIDocumentUITests.xctest; sourceTree = BUILT_PRODUCTS_DIR; };
		6822A2422A7A7B8D0034A405 /* SwiftUIDocumentUITests.swift */ = {isa = PBXFileReference; lastKnownFileType = sourcecode.swift; path = SwiftUIDocumentUITests.swift; sourceTree = "<group>"; };
		6822A2442A7A7B8D0034A405 /* SwiftUIDocumentUITestsLaunchTests.swift */ = {isa = PBXFileReference; lastKnownFileType = sourcecode.swift; path = SwiftUIDocumentUITestsLaunchTests.swift; sourceTree = "<group>"; };
/* End PBXFileReference section */

/* Begin PBXFrameworksBuildPhase section */
		6822A2212A7A7B8A0034A405 /* Frameworks */ = {
			isa = PBXFrameworksBuildPhase;
			buildActionMask = 2147483647;
			files = (
			);
			runOnlyForDeploymentPostprocessing = 0;
		};
		6822A2312A7A7B8D0034A405 /* Frameworks */ = {
			isa = PBXFrameworksBuildPhase;
			buildActionMask = 2147483647;
			files = (
			);
			runOnlyForDeploymentPostprocessing = 0;
		};
		6822A23B2A7A7B8D0034A405 /* Frameworks */ = {
			isa = PBXFrameworksBuildPhase;
			buildActionMask = 2147483647;
			files = (
			);
			runOnlyForDeploymentPostprocessing = 0;
		};
/* End PBXFrameworksBuildPhase section */

/* Begin PBXGroup section */
		6822A21B2A7A7B8A0034A405 = {
			isa = PBXGroup;
			children = (
				6822A2262A7A7B8A0034A405 /* SwiftUIDocument */,
				6822A2372A7A7B8D0034A405 /* SwiftUIDocumentTests */,
				6822A2412A7A7B8D0034A405 /* SwiftUIDocumentUITests */,
				6822A2252A7A7B8A0034A405 /* Products */,
			);
			sourceTree = "<group>";
		};
		6822A2252A7A7B8A0034A405 /* Products */ = {
			isa = PBXGroup;
			children = (
				6822A2242A7A7B8A0034A405 /* SwiftUIDocument.app */,
				6822A2342A7A7B8D0034A405 /* SwiftUIDocumentTests.xctest */,
				6822A23E2A7A7B8D0034A405 /* SwiftUIDocumentUITests.xctest */,
			);
			name = Products;
			sourceTree = "<group>";
		};
		6822A2262A7A7B8A0034A405 /* SwiftUIDocument */ = {
			isa = PBXGroup;
			children = (
				6822A2272A7A7B8A0034A405 /* SwiftUIDocumentApp.swift */,
				6822A2292A7A7B8A0034A405 /* ContentView.swift */,
				6822A22B2A7A7B8D0034A405 /* Assets.xcassets */,
				6822A22D2A7A7B8D0034A405 /* Preview Content */,
			);
			path = SwiftUIDocument;
			sourceTree = "<group>";
		};
		6822A22D2A7A7B8D0034A405 /* Preview Content */ = {
			isa = PBXGroup;
			children = (
				6822A22E2A7A7B8D0034A405 /* Preview Assets.xcassets */,
			);
			path = "Preview Content";
			sourceTree = "<group>";
		};
		6822A2372A7A7B8D0034A405 /* SwiftUIDocumentTests */ = {
			isa = PBXGroup;
			children = (
				6822A2382A7A7B8D0034A405 /* SwiftUIDocumentTests.swift */,
			);
			path = SwiftUIDocumentTests;
			sourceTree = "<group>";
		};
		6822A2412A7A7B8D0034A405 /* SwiftUIDocumentUITests */ = {
			isa = PBXGroup;
			children = (
				6822A2422A7A7B8D0034A405 /* SwiftUIDocumentUITests.swift */,
				6822A2442A7A7B8D0034A405 /* SwiftUIDocumentUITestsLaunchTests.swift */,
			);
			path = SwiftUIDocumentUITests;
			sourceTree = "<group>";
		};
/* End PBXGroup section */

/* Begin PBXNativeTarget section */
		6822A2232A7A7B8A0034A405 /* SwiftUIDocument */ = {
			isa = PBXNativeTarget;
			buildConfigurationList = 6822A2482A7A7B8D0034A405 /* Build configuration list for PBXNativeTarget "SwiftUIDocument" */;
			buildPhases = (
				6822A2202A7A7B8A0034A405 /* Sources */,
				6822A2212A7A7B8A0034A405 /* Frameworks */,
				6822A2222A7A7B8A0034A405 /* Resources */,
			);
			buildRules = (
			);
			dependencies = (
			);
			name = SwiftUIDocument;
			productName = SwiftUIDocument;
			productReference = 6822A2242A7A7B8A0034A405 /* SwiftUIDocument.app */;
			productType = "com.apple.product-type.application";
		};
		6822A2332A7A7B8D0034A405 /* SwiftUIDocumentTests */ = {
			isa = PBXNativeTarget;
			buildConfigurationList = 6822A24B2A7A7B8D0034A405 /* Build configuration list for PBXNativeTarget "SwiftUIDocumentTests" */;
			buildPhases = (
				6822A2302A7A7B8D0034A405 /* Sources */,
				6822A2312A7A7B8D0034A405 /* Frameworks */,
				6822A2322A7A7B8D0034A405 /* Resources */,
			);
			buildRules = (
			);
			dependencies = (
				6822A2362A7A7B8D0034A405 /* PBXTargetDependency */,
			);
			name = SwiftUIDocumentTests;
			productName = SwiftUIDocumentTests;
			productReference = 6822A2342A7A7B8D0034A405 /* SwiftUIDocumentTests.xctest */;
			productType = "com.apple.product-type.bundle.unit-test";
		};
		6822A23D2A7A7B8D0034A405 /* SwiftUIDocumentUITests */ = {
			isa = PBXNativeTarget;
			buildConfigurationList = 6822A24E2A7A7B8D0034A405 /* Build configuration list for PBXNativeTarget "SwiftUIDocumentUITests" */;
			buildPhases = (
				6822A23A2A7A7B8D0034A405 /* Sources */,
				6822A23B2A7A7B8D0034A405 /* Frameworks */,
				6822A23C2A7A7B8D0034A405 /* Resources */,
			);
			buildRules = (
			);
			dependencies = (
				6822A2402A7A7B8D0034A405 /* PBXTargetDependency */,
			);
			name = SwiftUIDocumentUITests;
			productName = SwiftUIDocumentUITests;
			productReference = 6822A23E2A7A7B8D0034A405 /* SwiftUIDocumentUITests.xctest */;
			productType = "com.apple.product-type.bundle.ui-testing";
		};
/* End PBXNativeTarget section */

/* Begin PBXProject section */
		6822A21C2A7A7B8A0034A405 /* Project object */ = {
			isa = PBXProject;
			attributes = {
				BuildIndependentTargetsInParallel = 1;
				LastSwiftUpdateCheck = 1430;
				LastUpgradeCheck = 1430;
				TargetAttributes = {
					6822A2232A7A7B8A0034A405 = {
						CreatedOnToolsVersion = 14.3.1;
					};
					6822A2332A7A7B8D0034A405 = {
						CreatedOnToolsVersion = 14.3.1;
						TestTargetID = 6822A2232A7A7B8A0034A405;
					};
					6822A23D2A7A7B8D0034A405 = {
						CreatedOnToolsVersion = 14.3.1;
						TestTargetID = 6822A2232A7A7B8A0034A405;
					};
				};
			};
			buildConfigurationList = 6822A21F2A7A7B8A0034A405 /* Build configuration list for PBXProject "SwiftUIDocument" */;
			compatibilityVersion = "Xcode 14.0";
			developmentRegion = en;
			hasScannedForEncodings = 0;
			knownRegions = (
				en,
				Base,
			);
			mainGroup = 6822A21B2A7A7B8A0034A405;
			productRefGroup = 6822A2252A7A7B8A0034A405 /* Products */;
			projectDirPath = "";
			projectRoot = "";
			targets = (
				6822A2232A7A7B8A0034A405 /* SwiftUIDocument */,
				6822A2332A7A7B8D0034A405 /* SwiftUIDocumentTests */,
				6822A23D2A7A7B8D0034A405 /* SwiftUIDocumentUITests */,
			);
		};
/* End PBXProject section */

/* Begin PBXResourcesBuildPhase section */
		6822A2222A7A7B8A0034A405 /* Resources */ = {
			isa = PBXResourcesBuildPhase;
			buildActionMask = 2147483647;
			files = (
				6822A22F2A7A7B8D0034A405 /* Preview Assets.xcassets in Resources */,
				6822A22C2A7A7B8D0034A405 /* Assets.xcassets in Resources */,
			);
			runOnlyForDeploymentPostprocessing = 0;
		};
		6822A2322A7A7B8D0034A405 /* Resources */ = {
			isa = PBXResourcesBuildPhase;
			buildActionMask = 2147483647;
			files = (
			);
			runOnlyForDeploymentPostprocessing = 0;
		};
		6822A23C2A7A7B8D0034A405 /* Resources */ = {
			isa = PBXResourcesBuildPhase;
			buildActionMask = 2147483647;
			files = (
			);
			runOnlyForDeploymentPostprocessing = 0;
		};
/* End PBXResourcesBuildPhase section */

/* Begin PBXSourcesBuildPhase section */
		6822A2202A7A7B8A0034A405 /* Sources */ = {
			isa = PBXSourcesBuildPhase;
			buildActionMask = 2147483647;
			files = (
				6822A22A2A7A7B8A0034A405 /* ContentView.swift in Sources */,
				6822A2282A7A7B8A0034A405 /* SwiftUIDocumentApp.swift in Sources */,
			);
			runOnlyForDeploymentPostprocessing = 0;
		};
		6822A2302A7A7B8D0034A405 /* Sources */ = {
			isa = PBXSourcesBuildPhase;
			buildActionMask = 2147483647;
			files = (
				6822A2392A7A7B8D0034A405 /* SwiftUIDocumentTests.swift in Sources */,
			);
			runOnlyForDeploymentPostprocessing = 0;
		};
		6822A23A2A7A7B8D0034A405 /* Sources */ = {
			isa = PBXSourcesBuildPhase;
			buildActionMask = 2147483647;
			files = (
				6822A2432A7A7B8D0034A405 /* SwiftUIDocumentUITests.swift in Sources */,
				6822A2452A7A7B8D0034A405 /* SwiftUIDocumentUITestsLaunchTests.swift in Sources */,
			);
			runOnlyForDeploymentPostprocessing = 0;
		};
/* End PBXSourcesBuildPhase section */

/* Begin PBXTargetDependency section */
		6822A2362A7A7B8D0034A405 /* PBXTargetDependency */ = {
			isa = PBXTargetDependency;
			target = 6822A2232A7A7B8A0034A405 /* SwiftUIDocument */;
			targetProxy = 6822A2352A7A7B8D0034A405 /* PBXContainerItemProxy */;
		};
		6822A2402A7A7B8D0034A405 /* PBXTargetDependency */ = {
			isa = PBXTargetDependency;
			target = 6822A2232A7A7B8A0034A405 /* SwiftUIDocument */;
			targetProxy = 6822A23F2A7A7B8D0034A405 /* PBXContainerItemProxy */;
		};
/* End PBXTargetDependency section */

/* Begin XCBuildConfiguration section */
		6822A2462A7A7B8D0034A405 /* Debug */ = {
			isa = XCBuildConfiguration;
			buildSettings = {
				ALWAYS_SEARCH_USER_PATHS = NO;
				CLANG_ANALYZER_NONNULL = YES;
				CLANG_ANALYZER_NUMBER_OBJECT_CONVERSION = YES_AGGRESSIVE;
				CLANG_CXX_LANGUAGE_STANDARD = "gnu++20";
				CLANG_ENABLE_MODULES = YES;
				CLANG_ENABLE_OBJC_ARC = YES;
				CLANG_ENABLE_OBJC_WEAK = YES;
				CLANG_WARN_BLOCK_CAPTURE_AUTORELEASING = YES;
				CLANG_WARN_BOOL_CONVERSION = YES;
				CLANG_WARN_COMMA = YES;
				CLANG_WARN_CONSTANT_CONVERSION = YES;
				CLANG_WARN_DEPRECATED_OBJC_IMPLEMENTATIONS = YES;
				CLANG_WARN_DIRECT_OBJC_ISA_USAGE = YES_ERROR;
				CLANG_WARN_DOCUMENTATION_COMMENTS = YES;
				CLANG_WARN_EMPTY_BODY = YES;
				CLANG_WARN_ENUM_CONVERSION = YES;
				CLANG_WARN_INFINITE_RECURSION = YES;
				CLANG_WARN_INT_CONVERSION = YES;
				CLANG_WARN_NON_LITERAL_NULL_CONVERSION = YES;
				CLANG_WARN_OBJC_IMPLICIT_RETAIN_SELF = YES;
				CLANG_WARN_OBJC_LITERAL_CONVERSION = YES;
				CLANG_WARN_OBJC_ROOT_CLASS = YES_ERROR;
				CLANG_WARN_QUOTED_INCLUDE_IN_FRAMEWORK_HEADER = YES;
				CLANG_WARN_RANGE_LOOP_ANALYSIS = YES;
				CLANG_WARN_STRICT_PROTOTYPES = YES;
				CLANG_WARN_SUSPICIOUS_MOVE = YES;
				CLANG_WARN_UNGUARDED_AVAILABILITY = YES_AGGRESSIVE;
				CLANG_WARN_UNREACHABLE_CODE = YES;
				CLANG_WARN__DUPLICATE_METHOD_MATCH = YES;
				COPY_PHASE_STRIP = NO;
				DEBUG_INFORMATION_FORMAT = dwarf;
				ENABLE_STRICT_OBJC_MSGSEND = YES;
				ENABLE_TESTABILITY = YES;
				GCC_C_LANGUAGE_STANDARD = gnu11;
				GCC_DYNAMIC_NO_PIC = NO;
				GCC_NO_COMMON_BLOCKS = YES;
				GCC_OPTIMIZATION_LEVEL = 0;
				GCC_PREPROCESSOR_DEFINITIONS = (
					"DEBUG=1",
					"$(inherited)",
				);
				GCC_WARN_64_TO_32_BIT_CONVERSION = YES;
				GCC_WARN_ABOUT_RETURN_TYPE = YES_ERROR;
				GCC_WARN_UNDECLARED_SELECTOR = YES;
				GCC_WARN_UNINITIALIZED_AUTOS = YES_AGGRESSIVE;
				GCC_WARN_UNUSED_FUNCTION = YES;
				GCC_WARN_UNUSED_VARIABLE = YES;
				IPHONEOS_DEPLOYMENT_TARGET = 16.4;
				MTL_ENABLE_DEBUG_INFO = INCLUDE_SOURCE;
				MTL_FAST_MATH = YES;
				ONLY_ACTIVE_ARCH = YES;
				SDKROOT = iphoneos;
				SWIFT_ACTIVE_COMPILATION_CONDITIONS = DEBUG;
				SWIFT_OPTIMIZATION_LEVEL = "-Onone";
			};
			name = Debug;
		};
		6822A2472A7A7B8D0034A405 /* Release */ = {
			isa = XCBuildConfiguration;
			buildSettings = {
				ALWAYS_SEARCH_USER_PATHS = NO;
				CLANG_ANALYZER_NONNULL = YES;
				CLANG_ANALYZER_NUMBER_OBJECT_CONVERSION = YES_AGGRESSIVE;
				CLANG_CXX_LANGUAGE_STANDARD = "gnu++20";
				CLANG_ENABLE_MODULES = YES;
				CLANG_ENABLE_OBJC_ARC = YES;
				CLANG_ENABLE_OBJC_WEAK = YES;
				CLANG_WARN_BLOCK_CAPTURE_AUTORELEASING = YES;
				CLANG_WARN_BOOL_CONVERSION = YES;
				CLANG_WARN_COMMA = YES;
				CLANG_WARN_CONSTANT_CONVERSION = YES;
				CLANG_WARN_DEPRECATED_OBJC_IMPLEMENTATIONS = YES;
				CLANG_WARN_DIRECT_OBJC_ISA_USAGE = YES_ERROR;
				CLANG_WARN_DOCUMENTATION_COMMENTS = YES;
				CLANG_WARN_EMPTY_BODY = YES;
				CLANG_WARN_ENUM_CONVERSION = YES;
				CLANG_WARN_INFINITE_RECURSION = YES;
				CLANG_WARN_INT_CONVERSION = YES;
				CLANG_WARN_NON_LITERAL_NULL_CONVERSION = YES;
				CLANG_WARN_OBJC_IMPLICIT_RETAIN_SELF = YES;
				CLANG_WARN_OBJC_LITERAL_CONVERSION = YES;
				CLANG_WARN_OBJC_ROOT_CLASS = YES_ERROR;
				CLANG_WARN_QUOTED_INCLUDE_IN_FRAMEWORK_HEADER = YES;
				CLANG_WARN_RANGE_LOOP_ANALYSIS = YES;
				CLANG_WARN_STRICT_PROTOTYPES = YES;
				CLANG_WARN_SUSPICIOUS_MOVE = YES;
				CLANG_WARN_UNGUARDED_AVAILABILITY = YES_AGGRESSIVE;
				CLANG_WARN_UNREACHABLE_CODE = YES;
				CLANG_WARN__DUPLICATE_METHOD_MATCH = YES;
				COPY_PHASE_STRIP = NO;
				DEBUG_INFORMATION_FORMAT = "dwarf-with-dsym";
				ENABLE_NS_ASSERTIONS = NO;
				ENABLE_STRICT_OBJC_MSGSEND = YES;
				GCC_C_LANGUAGE_STANDARD = gnu11;
				GCC_NO_COMMON_BLOCKS = YES;
				GCC_WARN_64_TO_32_BIT_CONVERSION = YES;
				GCC_WARN_ABOUT_RETURN_TYPE = YES_ERROR;
				GCC_WARN_UNDECLARED_SELECTOR = YES;
				GCC_WARN_UNINITIALIZED_AUTOS = YES_AGGRESSIVE;
				GCC_WARN_UNUSED_FUNCTION = YES;
				GCC_WARN_UNUSED_VARIABLE = YES;
				IPHONEOS_DEPLOYMENT_TARGET = 16.4;
				MTL_ENABLE_DEBUG_INFO = NO;
				MTL_FAST_MATH = YES;
				SDKROOT = iphoneos;
				SWIFT_COMPILATION_MODE = wholemodule;
				SWIFT_OPTIMIZATION_LEVEL = "-O";
				VALIDATE_PRODUCT = YES;
			};
			name = Release;
		};
		6822A2492A7A7B8D0034A405 /* Debug */ = {
			isa = XCBuildConfiguration;
			buildSettings = {
				ASSETCATALOG_COMPILER_APPICON_NAME = AppIcon;
				ASSETCATALOG_COMPILER_GLOBAL_ACCENT_COLOR_NAME = AccentColor;
				CODE_SIGN_STYLE = Automatic;
				CURRENT_PROJECT_VERSION = 1;
				DEVELOPMENT_ASSET_PATHS = "\"SwiftUIDocument/Preview Content\"";
				DEVELOPMENT_TEAM = W832C4SNYD;
				ENABLE_PREVIEWS = YES;
				GENERATE_INFOPLIST_FILE = YES;
				INFOPLIST_KEY_UIApplicationSceneManifest_Generation = YES;
				INFOPLIST_KEY_UIApplicationSupportsIndirectInputEvents = YES;
				INFOPLIST_KEY_UILaunchScreen_Generation = YES;
				INFOPLIST_KEY_UISupportedInterfaceOrientations_iPad = "UIInterfaceOrientationPortrait UIInterfaceOrientationPortraitUpsideDown UIInterfaceOrientationLandscapeLeft UIInterfaceOrientationLandscapeRight";
				INFOPLIST_KEY_UISupportedInterfaceOrientations_iPhone = "UIInterfaceOrientationPortrait UIInterfaceOrientationLandscapeLeft UIInterfaceOrientationLandscapeRight";
				LD_RUNPATH_SEARCH_PATHS = (
					"$(inherited)",
					"@executable_path/Frameworks",
				);
				MARKETING_VERSION = 1.0;
				PRODUCT_BUNDLE_IDENTIFIER = lxxyeon.SwiftUIDocument;
				PRODUCT_NAME = "$(TARGET_NAME)";
				SWIFT_EMIT_LOC_STRINGS = YES;
				SWIFT_VERSION = 5.0;
				TARGETED_DEVICE_FAMILY = "1,2";
			};
			name = Debug;
		};
		6822A24A2A7A7B8D0034A405 /* Release */ = {
			isa = XCBuildConfiguration;
			buildSettings = {
				ASSETCATALOG_COMPILER_APPICON_NAME = AppIcon;
				ASSETCATALOG_COMPILER_GLOBAL_ACCENT_COLOR_NAME = AccentColor;
				CODE_SIGN_STYLE = Automatic;
				CURRENT_PROJECT_VERSION = 1;
				DEVELOPMENT_ASSET_PATHS = "\"SwiftUIDocument/Preview Content\"";
				DEVELOPMENT_TEAM = W832C4SNYD;
				ENABLE_PREVIEWS = YES;
				GENERATE_INFOPLIST_FILE = YES;
				INFOPLIST_KEY_UIApplicationSceneManifest_Generation = YES;
				INFOPLIST_KEY_UIApplicationSupportsIndirectInputEvents = YES;
				INFOPLIST_KEY_UILaunchScreen_Generation = YES;
				INFOPLIST_KEY_UISupportedInterfaceOrientations_iPad = "UIInterfaceOrientationPortrait UIInterfaceOrientationPortraitUpsideDown UIInterfaceOrientationLandscapeLeft UIInterfaceOrientationLandscapeRight";
				INFOPLIST_KEY_UISupportedInterfaceOrientations_iPhone = "UIInterfaceOrientationPortrait UIInterfaceOrientationLandscapeLeft UIInterfaceOrientationLandscapeRight";
				LD_RUNPATH_SEARCH_PATHS = (
					"$(inherited)",
					"@executable_path/Frameworks",
				);
				MARKETING_VERSION = 1.0;
				PRODUCT_BUNDLE_IDENTIFIER = lxxyeon.SwiftUIDocument;
				PRODUCT_NAME = "$(TARGET_NAME)";
				SWIFT_EMIT_LOC_STRINGS = YES;
				SWIFT_VERSION = 5.0;
				TARGETED_DEVICE_FAMILY = "1,2";
			};
			name = Release;
		};
		6822A24C2A7A7B8D0034A405 /* Debug */ = {
			isa = XCBuildConfiguration;
			buildSettings = {
				ALWAYS_EMBED_SWIFT_STANDARD_LIBRARIES = YES;
				BUNDLE_LOADER = "$(TEST_HOST)";
				CODE_SIGN_STYLE = Automatic;
				CURRENT_PROJECT_VERSION = 1;
				DEVELOPMENT_TEAM = W832C4SNYD;
				GENERATE_INFOPLIST_FILE = YES;
				IPHONEOS_DEPLOYMENT_TARGET = 16.4;
				MARKETING_VERSION = 1.0;
				PRODUCT_BUNDLE_IDENTIFIER = lxxyeon.SwiftUIDocumentTests;
				PRODUCT_NAME = "$(TARGET_NAME)";
				SWIFT_EMIT_LOC_STRINGS = NO;
				SWIFT_VERSION = 5.0;
				TARGETED_DEVICE_FAMILY = "1,2";
				TEST_HOST = "$(BUILT_PRODUCTS_DIR)/SwiftUIDocument.app/$(BUNDLE_EXECUTABLE_FOLDER_PATH)/SwiftUIDocument";
			};
			name = Debug;
		};
		6822A24D2A7A7B8D0034A405 /* Release */ = {
			isa = XCBuildConfiguration;
			buildSettings = {
				ALWAYS_EMBED_SWIFT_STANDARD_LIBRARIES = YES;
				BUNDLE_LOADER = "$(TEST_HOST)";
				CODE_SIGN_STYLE = Automatic;
				CURRENT_PROJECT_VERSION = 1;
				DEVELOPMENT_TEAM = W832C4SNYD;
				GENERATE_INFOPLIST_FILE = YES;
				IPHONEOS_DEPLOYMENT_TARGET = 16.4;
				MARKETING_VERSION = 1.0;
				PRODUCT_BUNDLE_IDENTIFIER = lxxyeon.SwiftUIDocumentTests;
				PRODUCT_NAME = "$(TARGET_NAME)";
				SWIFT_EMIT_LOC_STRINGS = NO;
				SWIFT_VERSION = 5.0;
				TARGETED_DEVICE_FAMILY = "1,2";
				TEST_HOST = "$(BUILT_PRODUCTS_DIR)/SwiftUIDocument.app/$(BUNDLE_EXECUTABLE_FOLDER_PATH)/SwiftUIDocument";
			};
			name = Release;
		};
		6822A24F2A7A7B8D0034A405 /* Debug */ = {
			isa = XCBuildConfiguration;
			buildSettings = {
				ALWAYS_EMBED_SWIFT_STANDARD_LIBRARIES = YES;
				CODE_SIGN_STYLE = Automatic;
				CURRENT_PROJECT_VERSION = 1;
				DEVELOPMENT_TEAM = W832C4SNYD;
				GENERATE_INFOPLIST_FILE = YES;
				MARKETING_VERSION = 1.0;
				PRODUCT_BUNDLE_IDENTIFIER = lxxyeon.SwiftUIDocumentUITests;
				PRODUCT_NAME = "$(TARGET_NAME)";
				SWIFT_EMIT_LOC_STRINGS = NO;
				SWIFT_VERSION = 5.0;
				TARGETED_DEVICE_FAMILY = "1,2";
				TEST_TARGET_NAME = SwiftUIDocument;
			};
			name = Debug;
		};
		6822A2502A7A7B8D0034A405 /* Release */ = {
			isa = XCBuildConfiguration;
			buildSettings = {
				ALWAYS_EMBED_SWIFT_STANDARD_LIBRARIES = YES;
				CODE_SIGN_STYLE = Automatic;
				CURRENT_PROJECT_VERSION = 1;
				DEVELOPMENT_TEAM = W832C4SNYD;
				GENERATE_INFOPLIST_FILE = YES;
				MARKETING_VERSION = 1.0;
				PRODUCT_BUNDLE_IDENTIFIER = lxxyeon.SwiftUIDocumentUITests;
				PRODUCT_NAME = "$(TARGET_NAME)";
				SWIFT_EMIT_LOC_STRINGS = NO;
				SWIFT_VERSION = 5.0;
				TARGETED_DEVICE_FAMILY = "1,2";
				TEST_TARGET_NAME = SwiftUIDocument;
			};
			name = Release;
		};
/* End XCBuildConfiguration section */

/* Begin XCConfigurationList section */
		6822A21F2A7A7B8A0034A405 /* Build configuration list for PBXProject "SwiftUIDocument" */ = {
			isa = XCConfigurationList;
			buildConfigurations = (
				6822A2462A7A7B8D0034A405 /* Debug */,
				6822A2472A7A7B8D0034A405 /* Release */,
			);
			defaultConfigurationIsVisible = 0;
			defaultConfigurationName = Release;
		};
		6822A2482A7A7B8D0034A405 /* Build configuration list for PBXNativeTarget "SwiftUIDocument" */ = {
			isa = XCConfigurationList;
			buildConfigurations = (
				6822A2492A7A7B8D0034A405 /* Debug */,
				6822A24A2A7A7B8D0034A405 /* Release */,
			);
			defaultConfigurationIsVisible = 0;
			defaultConfigurationName = Release;
		};
		6822A24B2A7A7B8D0034A405 /* Build configuration list for PBXNativeTarget "SwiftUIDocumentTests" */ = {
			isa = XCConfigurationList;
			buildConfigurations = (
				6822A24C2A7A7B8D0034A405 /* Debug */,
				6822A24D2A7A7B8D0034A405 /* Release */,
			);
			defaultConfigurationIsVisible = 0;
			defaultConfigurationName = Release;
		};
		6822A24E2A7A7B8D0034A405 /* Build configuration list for PBXNativeTarget "SwiftUIDocumentUITests" */ = {
			isa = XCConfigurationList;
			buildConfigurations = (
				6822A24F2A7A7B8D0034A405 /* Debug */,
				6822A2502A7A7B8D0034A405 /* Release */,
			);
			defaultConfigurationIsVisible = 0;
			defaultConfigurationName = Release;
		};
/* End XCConfigurationList section */
	};
	rootObject = 6822A21C2A7A7B8A0034A405 /* Project object */;
}
